// !$*UTF8*$!
{
	archiveVersion = 1;
	classes = {
	};
	objectVersion = 56;
	objects = {

/* Begin PBXBuildFile section */
		F216D485299AB13B006E4BE6 /* ChatGPTDemoApp.swift in Sources */ = {isa = PBXBuildFile; fileRef = F216D484299AB13B006E4BE6 /* ChatGPTDemoApp.swift */; };
		F216D487299AB13B006E4BE6 /* ContentView.swift in Sources */ = {isa = PBXBuildFile; fileRef = F216D486299AB13B006E4BE6 /* ContentView.swift */; };
		F216D489299AB13C006E4BE6 /* Assets.xcassets in Resources */ = {isa = PBXBuildFile; fileRef = F216D488299AB13C006E4BE6 /* Assets.xcassets */; };
		F216D48C299AB13C006E4BE6 /* Preview Assets.xcassets in Resources */ = {isa = PBXBuildFile; fileRef = F216D48B299AB13C006E4BE6 /* Preview Assets.xcassets */; };
		F216D496299AB13C006E4BE6 /* ChatGPTDemoTests.swift in Sources */ = {isa = PBXBuildFile; fileRef = F216D495299AB13C006E4BE6 /* ChatGPTDemoTests.swift */; };
		F216D4A0299AB13C006E4BE6 /* ChatGPTDemoUITests.swift in Sources */ = {isa = PBXBuildFile; fileRef = F216D49F299AB13C006E4BE6 /* ChatGPTDemoUITests.swift */; };
		F216D4A2299AB13C006E4BE6 /* ChatGPTDemoUITestsLaunchTests.swift in Sources */ = {isa = PBXBuildFile; fileRef = F216D4A1299AB13C006E4BE6 /* ChatGPTDemoUITestsLaunchTests.swift */; };
		F216D4B0299AB482006E4BE6 /* OpenAISwift in Frameworks */ = {isa = PBXBuildFile; productRef = F216D4AF299AB482006E4BE6 /* OpenAISwift */; };
		F216D4B2299AB8E8006E4BE6 /* ContentVM.swift in Sources */ = {isa = PBXBuildFile; fileRef = F216D4B1299AB8E8006E4BE6 /* ContentVM.swift */; };
/* End PBXBuildFile section */

/* Begin PBXContainerItemProxy section */
		F216D492299AB13C006E4BE6 /* PBXContainerItemProxy */ = {
			isa = PBXContainerItemProxy;
			containerPortal = F216D479299AB13B006E4BE6 /* Project object */;
			proxyType = 1;
			remoteGlobalIDString = F216D480299AB13B006E4BE6;
			remoteInfo = ChatGPTDemo;
		};
		F216D49C299AB13C006E4BE6 /* PBXContainerItemProxy */ = {
			isa = PBXContainerItemProxy;
			containerPortal = F216D479299AB13B006E4BE6 /* Project object */;
			proxyType = 1;
			remoteGlobalIDString = F216D480299AB13B006E4BE6;
			remoteInfo = ChatGPTDemo;
		};
/* End PBXContainerItemProxy section */

/* Begin PBXFileReference section */
		F216D481299AB13B006E4BE6 /* ChatGPTDemo.app */ = {isa = PBXFileReference; explicitFileType = wrapper.application; includeInIndex = 0; path = ChatGPTDemo.app; sourceTree = BUILT_PRODUCTS_DIR; };
		F216D484299AB13B006E4BE6 /* ChatGPTDemoApp.swift */ = {isa = PBXFileReference; lastKnownFileType = sourcecode.swift; path = ChatGPTDemoApp.swift; sourceTree = "<group>"; };
		F216D486299AB13B006E4BE6 /* ContentView.swift */ = {isa = PBXFileReference; lastKnownFileType = sourcecode.swift; path = ContentView.swift; sourceTree = "<group>"; };
		F216D488299AB13C006E4BE6 /* Assets.xcassets */ = {isa = PBXFileReference; lastKnownFileType = folder.assetcatalog; path = Assets.xcassets; sourceTree = "<group>"; };
		F216D48B299AB13C006E4BE6 /* Preview Assets.xcassets */ = {isa = PBXFileReference; lastKnownFileType = folder.assetcatalog; path = "Preview Assets.xcassets"; sourceTree = "<group>"; };
		F216D491299AB13C006E4BE6 /* ChatGPTDemoTests.xctest */ = {isa = PBXFileReference; explicitFileType = wrapper.cfbundle; includeInIndex = 0; path = ChatGPTDemoTests.xctest; sourceTree = BUILT_PRODUCTS_DIR; };
		F216D495299AB13C006E4BE6 /* ChatGPTDemoTests.swift */ = {isa = PBXFileReference; lastKnownFileType = sourcecode.swift; path = ChatGPTDemoTests.swift; sourceTree = "<group>"; };
		F216D49B299AB13C006E4BE6 /* ChatGPTDemoUITests.xctest */ = {isa = PBXFileReference; explicitFileType = wrapper.cfbundle; includeInIndex = 0; path = ChatGPTDemoUITests.xctest; sourceTree = BUILT_PRODUCTS_DIR; };
		F216D49F299AB13C006E4BE6 /* ChatGPTDemoUITests.swift */ = {isa = PBXFileReference; lastKnownFileType = sourcecode.swift; path = ChatGPTDemoUITests.swift; sourceTree = "<group>"; };
		F216D4A1299AB13C006E4BE6 /* ChatGPTDemoUITestsLaunchTests.swift */ = {isa = PBXFileReference; lastKnownFileType = sourcecode.swift; path = ChatGPTDemoUITestsLaunchTests.swift; sourceTree = "<group>"; };
		F216D4B1299AB8E8006E4BE6 /* ContentVM.swift */ = {isa = PBXFileReference; lastKnownFileType = sourcecode.swift; path = ContentVM.swift; sourceTree = "<group>"; };
/* End PBXFileReference section */

/* Begin PBXFrameworksBuildPhase section */
		F216D47E299AB13B006E4BE6 /* Frameworks */ = {
			isa = PBXFrameworksBuildPhase;
			buildActionMask = 2147483647;
			files = (
				F216D4B0299AB482006E4BE6 /* OpenAISwift in Frameworks */,
			);
			runOnlyForDeploymentPostprocessing = 0;
		};
		F216D48E299AB13C006E4BE6 /* Frameworks */ = {
			isa = PBXFrameworksBuildPhase;
			buildActionMask = 2147483647;
			files = (
			);
			runOnlyForDeploymentPostprocessing = 0;
		};
		F216D498299AB13C006E4BE6 /* Frameworks */ = {
			isa = PBXFrameworksBuildPhase;
			buildActionMask = 2147483647;
			files = (
			);
			runOnlyForDeploymentPostprocessing = 0;
		};
/* End PBXFrameworksBuildPhase section */

/* Begin PBXGroup section */
		F216D478299AB13B006E4BE6 = {
			isa = PBXGroup;
			children = (
				F216D483299AB13B006E4BE6 /* ChatGPTDemo */,
				F216D494299AB13C006E4BE6 /* ChatGPTDemoTests */,
				F216D49E299AB13C006E4BE6 /* ChatGPTDemoUITests */,
				F216D482299AB13B006E4BE6 /* Products */,
			);
			sourceTree = "<group>";
		};
		F216D482299AB13B006E4BE6 /* Products */ = {
			isa = PBXGroup;
			children = (
				F216D481299AB13B006E4BE6 /* ChatGPTDemo.app */,
				F216D491299AB13C006E4BE6 /* ChatGPTDemoTests.xctest */,
				F216D49B299AB13C006E4BE6 /* ChatGPTDemoUITests.xctest */,
			);
			name = Products;
			sourceTree = "<group>";
		};
		F216D483299AB13B006E4BE6 /* ChatGPTDemo */ = {
			isa = PBXGroup;
			children = (
				F216D484299AB13B006E4BE6 /* ChatGPTDemoApp.swift */,
				F216D486299AB13B006E4BE6 /* ContentView.swift */,
				F216D4B1299AB8E8006E4BE6 /* ContentVM.swift */,
				F216D488299AB13C006E4BE6 /* Assets.xcassets */,
				F216D48A299AB13C006E4BE6 /* Preview Content */,
			);
			path = ChatGPTDemo;
			sourceTree = "<group>";
		};
		F216D48A299AB13C006E4BE6 /* Preview Content */ = {
			isa = PBXGroup;
			children = (
				F216D48B299AB13C006E4BE6 /* Preview Assets.xcassets */,
			);
			path = "Preview Content";
			sourceTree = "<group>";
		};
		F216D494299AB13C006E4BE6 /* ChatGPTDemoTests */ = {
			isa = PBXGroup;
			children = (
				F216D495299AB13C006E4BE6 /* ChatGPTDemoTests.swift */,
			);
			path = ChatGPTDemoTests;
			sourceTree = "<group>";
		};
		F216D49E299AB13C006E4BE6 /* ChatGPTDemoUITests */ = {
			isa = PBXGroup;
			children = (
				F216D49F299AB13C006E4BE6 /* ChatGPTDemoUITests.swift */,
				F216D4A1299AB13C006E4BE6 /* ChatGPTDemoUITestsLaunchTests.swift */,
			);
			path = ChatGPTDemoUITests;
			sourceTree = "<group>";
		};
/* End PBXGroup section */

/* Begin PBXNativeTarget section */
		F216D480299AB13B006E4BE6 /* ChatGPTDemo */ = {
			isa = PBXNativeTarget;
			buildConfigurationList = F216D4A5299AB13C006E4BE6 /* Build configuration list for PBXNativeTarget "ChatGPTDemo" */;
			buildPhases = (
				F216D47D299AB13B006E4BE6 /* Sources */,
				F216D47E299AB13B006E4BE6 /* Frameworks */,
				F216D47F299AB13B006E4BE6 /* Resources */,
			);
			buildRules = (
			);
			dependencies = (
			);
			name = ChatGPTDemo;
			packageProductDependencies = (
				F216D4AF299AB482006E4BE6 /* OpenAISwift */,
			);
			productName = ChatGPTDemo;
			productReference = F216D481299AB13B006E4BE6 /* ChatGPTDemo.app */;
			productType = "com.apple.product-type.application";
		};
		F216D490299AB13C006E4BE6 /* ChatGPTDemoTests */ = {
			isa = PBXNativeTarget;
			buildConfigurationList = F216D4A8299AB13C006E4BE6 /* Build configuration list for PBXNativeTarget "ChatGPTDemoTests" */;
			buildPhases = (
				F216D48D299AB13C006E4BE6 /* Sources */,
				F216D48E299AB13C006E4BE6 /* Frameworks */,
				F216D48F299AB13C006E4BE6 /* Resources */,
			);
			buildRules = (
			);
			dependencies = (
				F216D493299AB13C006E4BE6 /* PBXTargetDependency */,
			);
			name = ChatGPTDemoTests;
			productName = ChatGPTDemoTests;
			productReference = F216D491299AB13C006E4BE6 /* ChatGPTDemoTests.xctest */;
			productType = "com.apple.product-type.bundle.unit-test";
		};
		F216D49A299AB13C006E4BE6 /* ChatGPTDemoUITests */ = {
			isa = PBXNativeTarget;
			buildConfigurationList = F216D4AB299AB13C006E4BE6 /* Build configuration list for PBXNativeTarget "ChatGPTDemoUITests" */;
			buildPhases = (
				F216D497299AB13C006E4BE6 /* Sources */,
				F216D498299AB13C006E4BE6 /* Frameworks */,
				F216D499299AB13C006E4BE6 /* Resources */,
			);
			buildRules = (
			);
			dependencies = (
				F216D49D299AB13C006E4BE6 /* PBXTargetDependency */,
			);
			name = ChatGPTDemoUITests;
			productName = ChatGPTDemoUITests;
			productReference = F216D49B299AB13C006E4BE6 /* ChatGPTDemoUITests.xctest */;
			productType = "com.apple.product-type.bundle.ui-testing";
		};
/* End PBXNativeTarget section */

/* Begin PBXProject section */
		F216D479299AB13B006E4BE6 /* Project object */ = {
			isa = PBXProject;
			attributes = {
				BuildIndependentTargetsInParallel = 1;
				LastSwiftUpdateCheck = 1420;
				LastUpgradeCheck = 1420;
				TargetAttributes = {
					F216D480299AB13B006E4BE6 = {
						CreatedOnToolsVersion = 14.2;
					};
					F216D490299AB13C006E4BE6 = {
						CreatedOnToolsVersion = 14.2;
						TestTargetID = F216D480299AB13B006E4BE6;
					};
					F216D49A299AB13C006E4BE6 = {
						CreatedOnToolsVersion = 14.2;
						TestTargetID = F216D480299AB13B006E4BE6;
					};
				};
			};
			buildConfigurationList = F216D47C299AB13B006E4BE6 /* Build configuration list for PBXProject "ChatGPTDemo" */;
			compatibilityVersion = "Xcode 14.0";
			developmentRegion = en;
			hasScannedForEncodings = 0;
			knownRegions = (
				en,
				Base,
			);
			mainGroup = F216D478299AB13B006E4BE6;
			packageReferences = (
				F216D4AE299AB482006E4BE6 /* XCRemoteSwiftPackageReference "OpenAISwift" */,
			);
			productRefGroup = F216D482299AB13B006E4BE6 /* Products */;
			projectDirPath = "";
			projectRoot = "";
			targets = (
				F216D480299AB13B006E4BE6 /* ChatGPTDemo */,
				F216D490299AB13C006E4BE6 /* ChatGPTDemoTests */,
				F216D49A299AB13C006E4BE6 /* ChatGPTDemoUITests */,
			);
		};
/* End PBXProject section */

/* Begin PBXResourcesBuildPhase section */
		F216D47F299AB13B006E4BE6 /* Resources */ = {
			isa = PBXResourcesBuildPhase;
			buildActionMask = 2147483647;
			files = (
				F216D48C299AB13C006E4BE6 /* Preview Assets.xcassets in Resources */,
				F216D489299AB13C006E4BE6 /* Assets.xcassets in Resources */,
			);
			runOnlyForDeploymentPostprocessing = 0;
		};
		F216D48F299AB13C006E4BE6 /* Resources */ = {
			isa = PBXResourcesBuildPhase;
			buildActionMask = 2147483647;
			files = (
			);
			runOnlyForDeploymentPostprocessing = 0;
		};
		F216D499299AB13C006E4BE6 /* Resources */ = {
			isa = PBXResourcesBuildPhase;
			buildActionMask = 2147483647;
			files = (
			);
			runOnlyForDeploymentPostprocessing = 0;
		};
/* End PBXResourcesBuildPhase section */

/* Begin PBXSourcesBuildPhase section */
		F216D47D299AB13B006E4BE6 /* Sources */ = {
			isa = PBXSourcesBuildPhase;
			buildActionMask = 2147483647;
			files = (
				F216D4B2299AB8E8006E4BE6 /* ContentVM.swift in Sources */,
				F216D487299AB13B006E4BE6 /* ContentView.swift in Sources */,
				F216D485299AB13B006E4BE6 /* ChatGPTDemoApp.swift in Sources */,
			);
			runOnlyForDeploymentPostprocessing = 0;
		};
		F216D48D299AB13C006E4BE6 /* Sources */ = {
			isa = PBXSourcesBuildPhase;
			buildActionMask = 2147483647;
			files = (
				F216D496299AB13C006E4BE6 /* ChatGPTDemoTests.swift in Sources */,
			);
			runOnlyForDeploymentPostprocessing = 0;
		};
		F216D497299AB13C006E4BE6 /* Sources */ = {
			isa = PBXSourcesBuildPhase;
			buildActionMask = 2147483647;
			files = (
				F216D4A0299AB13C006E4BE6 /* ChatGPTDemoUITests.swift in Sources */,
				F216D4A2299AB13C006E4BE6 /* ChatGPTDemoUITestsLaunchTests.swift in Sources */,
			);
			runOnlyForDeploymentPostprocessing = 0;
		};
/* End PBXSourcesBuildPhase section */

/* Begin PBXTargetDependency section */
		F216D493299AB13C006E4BE6 /* PBXTargetDependency */ = {
			isa = PBXTargetDependency;
			target = F216D480299AB13B006E4BE6 /* ChatGPTDemo */;
			targetProxy = F216D492299AB13C006E4BE6 /* PBXContainerItemProxy */;
		};
		F216D49D299AB13C006E4BE6 /* PBXTargetDependency */ = {
			isa = PBXTargetDependency;
			target = F216D480299AB13B006E4BE6 /* ChatGPTDemo */;
			targetProxy = F216D49C299AB13C006E4BE6 /* PBXContainerItemProxy */;
		};
/* End PBXTargetDependency section */

/* Begin XCBuildConfiguration section */
		F216D4A3299AB13C006E4BE6 /* Debug */ = {
			isa = XCBuildConfiguration;
			buildSettings = {
				ALWAYS_SEARCH_USER_PATHS = NO;
				CLANG_ANALYZER_NONNULL = YES;
				CLANG_ANALYZER_NUMBER_OBJECT_CONVERSION = YES_AGGRESSIVE;
				CLANG_CXX_LANGUAGE_STANDARD = "gnu++20";
				CLANG_ENABLE_MODULES = YES;
				CLANG_ENABLE_OBJC_ARC = YES;
				CLANG_ENABLE_OBJC_WEAK = YES;
				CLANG_WARN_BLOCK_CAPTURE_AUTORELEASING = YES;
				CLANG_WARN_BOOL_CONVERSION = YES;
				CLANG_WARN_COMMA = YES;
				CLANG_WARN_CONSTANT_CONVERSION = YES;
				CLANG_WARN_DEPRECATED_OBJC_IMPLEMENTATIONS = YES;
				CLANG_WARN_DIRECT_OBJC_ISA_USAGE = YES_ERROR;
				CLANG_WARN_DOCUMENTATION_COMMENTS = YES;
				CLANG_WARN_EMPTY_BODY = YES;
				CLANG_WARN_ENUM_CONVERSION = YES;
				CLANG_WARN_INFINITE_RECURSION = YES;
				CLANG_WARN_INT_CONVERSION = YES;
				CLANG_WARN_NON_LITERAL_NULL_CONVERSION = YES;
				CLANG_WARN_OBJC_IMPLICIT_RETAIN_SELF = YES;
				CLANG_WARN_OBJC_LITERAL_CONVERSION = YES;
				CLANG_WARN_OBJC_ROOT_CLASS = YES_ERROR;
				CLANG_WARN_QUOTED_INCLUDE_IN_FRAMEWORK_HEADER = YES;
				CLANG_WARN_RANGE_LOOP_ANALYSIS = YES;
				CLANG_WARN_STRICT_PROTOTYPES = YES;
				CLANG_WARN_SUSPICIOUS_MOVE = YES;
				CLANG_WARN_UNGUARDED_AVAILABILITY = YES_AGGRESSIVE;
				CLANG_WARN_UNREACHABLE_CODE = YES;
				CLANG_WARN__DUPLICATE_METHOD_MATCH = YES;
				COPY_PHASE_STRIP = NO;
				DEBUG_INFORMATION_FORMAT = dwarf;
				ENABLE_STRICT_OBJC_MSGSEND = YES;
				ENABLE_TESTABILITY = YES;
				GCC_C_LANGUAGE_STANDARD = gnu11;
				GCC_DYNAMIC_NO_PIC = NO;
				GCC_NO_COMMON_BLOCKS = YES;
				GCC_OPTIMIZATION_LEVEL = 0;
				GCC_PREPROCESSOR_DEFINITIONS = (
					"DEBUG=1",
					"$(inherited)",
				);
				GCC_WARN_64_TO_32_BIT_CONVERSION = YES;
				GCC_WARN_ABOUT_RETURN_TYPE = YES_ERROR;
				GCC_WARN_UNDECLARED_SELECTOR = YES;
				GCC_WARN_UNINITIALIZED_AUTOS = YES_AGGRESSIVE;
				GCC_WARN_UNUSED_FUNCTION = YES;
				GCC_WARN_UNUSED_VARIABLE = YES;
				IPHONEOS_DEPLOYMENT_TARGET = 16.2;
				MTL_ENABLE_DEBUG_INFO = INCLUDE_SOURCE;
				MTL_FAST_MATH = YES;
				ONLY_ACTIVE_ARCH = YES;
				SDKROOT = iphoneos;
				SWIFT_ACTIVE_COMPILATION_CONDITIONS = DEBUG;
				SWIFT_OPTIMIZATION_LEVEL = "-Onone";
			};
			name = Debug;
		};
		F216D4A4299AB13C006E4BE6 /* Release */ = {
			isa = XCBuildConfiguration;
			buildSettings = {
				ALWAYS_SEARCH_USER_PATHS = NO;
				CLANG_ANALYZER_NONNULL = YES;
				CLANG_ANALYZER_NUMBER_OBJECT_CONVERSION = YES_AGGRESSIVE;
				CLANG_CXX_LANGUAGE_STANDARD = "gnu++20";
				CLANG_ENABLE_MODULES = YES;
				CLANG_ENABLE_OBJC_ARC = YES;
				CLANG_ENABLE_OBJC_WEAK = YES;
				CLANG_WARN_BLOCK_CAPTURE_AUTORELEASING = YES;
				CLANG_WARN_BOOL_CONVERSION = YES;
				CLANG_WARN_COMMA = YES;
				CLANG_WARN_CONSTANT_CONVERSION = YES;
				CLANG_WARN_DEPRECATED_OBJC_IMPLEMENTATIONS = YES;
				CLANG_WARN_DIRECT_OBJC_ISA_USAGE = YES_ERROR;
				CLANG_WARN_DOCUMENTATION_COMMENTS = YES;
				CLANG_WARN_EMPTY_BODY = YES;
				CLANG_WARN_ENUM_CONVERSION = YES;
				CLANG_WARN_INFINITE_RECURSION = YES;
				CLANG_WARN_INT_CONVERSION = YES;
				CLANG_WARN_NON_LITERAL_NULL_CONVERSION = YES;
				CLANG_WARN_OBJC_IMPLICIT_RETAIN_SELF = YES;
				CLANG_WARN_OBJC_LITERAL_CONVERSION = YES;
				CLANG_WARN_OBJC_ROOT_CLASS = YES_ERROR;
				CLANG_WARN_QUOTED_INCLUDE_IN_FRAMEWORK_HEADER = YES;
				CLANG_WARN_RANGE_LOOP_ANALYSIS = YES;
				CLANG_WARN_STRICT_PROTOTYPES = YES;
				CLANG_WARN_SUSPICIOUS_MOVE = YES;
				CLANG_WARN_UNGUARDED_AVAILABILITY = YES_AGGRESSIVE;
				CLANG_WARN_UNREACHABLE_CODE = YES;
				CLANG_WARN__DUPLICATE_METHOD_MATCH = YES;
				COPY_PHASE_STRIP = NO;
				DEBUG_INFORMATION_FORMAT = "dwarf-with-dsym";
				ENABLE_NS_ASSERTIONS = NO;
				ENABLE_STRICT_OBJC_MSGSEND = YES;
				GCC_C_LANGUAGE_STANDARD = gnu11;
				GCC_NO_COMMON_BLOCKS = YES;
				GCC_WARN_64_TO_32_BIT_CONVERSION = YES;
				GCC_WARN_ABOUT_RETURN_TYPE = YES_ERROR;
				GCC_WARN_UNDECLARED_SELECTOR = YES;
				GCC_WARN_UNINITIALIZED_AUTOS = YES_AGGRESSIVE;
				GCC_WARN_UNUSED_FUNCTION = YES;
				GCC_WARN_UNUSED_VARIABLE = YES;
				IPHONEOS_DEPLOYMENT_TARGET = 16.2;
				MTL_ENABLE_DEBUG_INFO = NO;
				MTL_FAST_MATH = YES;
				SDKROOT = iphoneos;
				SWIFT_COMPILATION_MODE = wholemodule;
				SWIFT_OPTIMIZATION_LEVEL = "-O";
				VALIDATE_PRODUCT = YES;
			};
			name = Release;
		};
		F216D4A6299AB13C006E4BE6 /* Debug */ = {
			isa = XCBuildConfiguration;
			buildSettings = {
				ASSETCATALOG_COMPILER_APPICON_NAME = AppIcon;
				ASSETCATALOG_COMPILER_GLOBAL_ACCENT_COLOR_NAME = AccentColor;
				CODE_SIGN_STYLE = Automatic;
				CURRENT_PROJECT_VERSION = 1;
				DEVELOPMENT_ASSET_PATHS = "\"ChatGPTDemo/Preview Content\"";
				DEVELOPMENT_TEAM = VT9QW74UCT;
				ENABLE_PREVIEWS = YES;
				GENERATE_INFOPLIST_FILE = YES;
				INFOPLIST_KEY_UIApplicationSceneManifest_Generation = YES;
				INFOPLIST_KEY_UIApplicationSupportsIndirectInputEvents = YES;
				INFOPLIST_KEY_UILaunchScreen_Generation = YES;
				INFOPLIST_KEY_UISupportedInterfaceOrientations_iPad = "UIInterfaceOrientationPortrait UIInterfaceOrientationPortraitUpsideDown UIInterfaceOrientationLandscapeLeft UIInterfaceOrientationLandscapeRight";
				INFOPLIST_KEY_UISupportedInterfaceOrientations_iPhone = "UIInterfaceOrientationPortrait UIInterfaceOrientationLandscapeLeft UIInterfaceOrientationLandscapeRight";
				LD_RUNPATH_SEARCH_PATHS = (
					"$(inherited)",
					"@executable_path/Frameworks",
				);
				MARKETING_VERSION = 1.0;
				PRODUCT_BUNDLE_IDENTIFIER = DevOps.ChatGPTDemo;
				PRODUCT_NAME = "$(TARGET_NAME)";
				SWIFT_EMIT_LOC_STRINGS = YES;
				SWIFT_VERSION = 5.0;
				TARGETED_DEVICE_FAMILY = "1,2";
			};
			name = Debug;
		};
		F216D4A7299AB13C006E4BE6 /* Release */ = {
			isa = XCBuildConfiguration;
			buildSettings = {
				ASSETCATALOG_COMPILER_APPICON_NAME = AppIcon;
				ASSETCATALOG_COMPILER_GLOBAL_ACCENT_COLOR_NAME = AccentColor;
				CODE_SIGN_STYLE = Automatic;
				CURRENT_PROJECT_VERSION = 1;
				DEVELOPMENT_ASSET_PATHS = "\"ChatGPTDemo/Preview Content\"";
				DEVELOPMENT_TEAM = VT9QW74UCT;
				ENABLE_PREVIEWS = YES;
				GENERATE_INFOPLIST_FILE = YES;
				INFOPLIST_KEY_UIApplicationSceneManifest_Generation = YES;
				INFOPLIST_KEY_UIApplicationSupportsIndirectInputEvents = YES;
				INFOPLIST_KEY_UILaunchScreen_Generation = YES;
				INFOPLIST_KEY_UISupportedInterfaceOrientations_iPad = "UIInterfaceOrientationPortrait UIInterfaceOrientationPortraitUpsideDown UIInterfaceOrientationLandscapeLeft UIInterfaceOrientationLandscapeRight";
				INFOPLIST_KEY_UISupportedInterfaceOrientations_iPhone = "UIInterfaceOrientationPortrait UIInterfaceOrientationLandscapeLeft UIInterfaceOrientationLandscapeRight";
				LD_RUNPATH_SEARCH_PATHS = (
					"$(inherited)",
					"@executable_path/Frameworks",
				);
				MARKETING_VERSION = 1.0;
				PRODUCT_BUNDLE_IDENTIFIER = DevOps.ChatGPTDemo;
				PRODUCT_NAME = "$(TARGET_NAME)";
				SWIFT_EMIT_LOC_STRINGS = YES;
				SWIFT_VERSION = 5.0;
				TARGETED_DEVICE_FAMILY = "1,2";
			};
			name = Release;
		};
		F216D4A9299AB13C006E4BE6 /* Debug */ = {
			isa = XCBuildConfiguration;
			buildSettings = {
				ALWAYS_EMBED_SWIFT_STANDARD_LIBRARIES = YES;
				BUNDLE_LOADER = "$(TEST_HOST)";
				CODE_SIGN_STYLE = Automatic;
				CURRENT_PROJECT_VERSION = 1;
				DEVELOPMENT_TEAM = VT9QW74UCT;
				GENERATE_INFOPLIST_FILE = YES;
				IPHONEOS_DEPLOYMENT_TARGET = 16.2;
				MARKETING_VERSION = 1.0;
				PRODUCT_BUNDLE_IDENTIFIER = DevOps.ChatGPTDemoTests;
				PRODUCT_NAME = "$(TARGET_NAME)";
				SWIFT_EMIT_LOC_STRINGS = NO;
				SWIFT_VERSION = 5.0;
				TARGETED_DEVICE_FAMILY = "1,2";
				TEST_HOST = "$(BUILT_PRODUCTS_DIR)/ChatGPTDemo.app/$(BUNDLE_EXECUTABLE_FOLDER_PATH)/ChatGPTDemo";
			};
			name = Debug;
		};
		F216D4AA299AB13C006E4BE6 /* Release */ = {
			isa = XCBuildConfiguration;
			buildSettings = {
				ALWAYS_EMBED_SWIFT_STANDARD_LIBRARIES = YES;
				BUNDLE_LOADER = "$(TEST_HOST)";
				CODE_SIGN_STYLE = Automatic;
				CURRENT_PROJECT_VERSION = 1;
				DEVELOPMENT_TEAM = VT9QW74UCT;
				GENERATE_INFOPLIST_FILE = YES;
				IPHONEOS_DEPLOYMENT_TARGET = 16.2;
				MARKETING_VERSION = 1.0;
				PRODUCT_BUNDLE_IDENTIFIER = DevOps.ChatGPTDemoTests;
				PRODUCT_NAME = "$(TARGET_NAME)";
				SWIFT_EMIT_LOC_STRINGS = NO;
				SWIFT_VERSION = 5.0;
				TARGETED_DEVICE_FAMILY = "1,2";
				TEST_HOST = "$(BUILT_PRODUCTS_DIR)/ChatGPTDemo.app/$(BUNDLE_EXECUTABLE_FOLDER_PATH)/ChatGPTDemo";
			};
			name = Release;
		};
		F216D4AC299AB13C006E4BE6 /* Debug */ = {
			isa = XCBuildConfiguration;
			buildSettings = {
				ALWAYS_EMBED_SWIFT_STANDARD_LIBRARIES = YES;
				CODE_SIGN_STYLE = Automatic;
				CURRENT_PROJECT_VERSION = 1;
				DEVELOPMENT_TEAM = VT9QW74UCT;
				GENERATE_INFOPLIST_FILE = YES;
				MARKETING_VERSION = 1.0;
				PRODUCT_BUNDLE_IDENTIFIER = DevOps.ChatGPTDemoUITests;
				PRODUCT_NAME = "$(TARGET_NAME)";
				SWIFT_EMIT_LOC_STRINGS = NO;
				SWIFT_VERSION = 5.0;
				TARGETED_DEVICE_FAMILY = "1,2";
				TEST_TARGET_NAME = ChatGPTDemo;
			};
			name = Debug;
		};
		F216D4AD299AB13C006E4BE6 /* Release */ = {
			isa = XCBuildConfiguration;
			buildSettings = {
				ALWAYS_EMBED_SWIFT_STANDARD_LIBRARIES = YES;
				CODE_SIGN_STYLE = Automatic;
				CURRENT_PROJECT_VERSION = 1;
				DEVELOPMENT_TEAM = VT9QW74UCT;
				GENERATE_INFOPLIST_FILE = YES;
				MARKETING_VERSION = 1.0;
				PRODUCT_BUNDLE_IDENTIFIER = DevOps.ChatGPTDemoUITests;
				PRODUCT_NAME = "$(TARGET_NAME)";
				SWIFT_EMIT_LOC_STRINGS = NO;
				SWIFT_VERSION = 5.0;
				TARGETED_DEVICE_FAMILY = "1,2";
				TEST_TARGET_NAME = ChatGPTDemo;
			};
			name = Release;
		};
/* End XCBuildConfiguration section */

/* Begin XCConfigurationList section */
		F216D47C299AB13B006E4BE6 /* Build configuration list for PBXProject "ChatGPTDemo" */ = {
			isa = XCConfigurationList;
			buildConfigurations = (
				F216D4A3299AB13C006E4BE6 /* Debug */,
				F216D4A4299AB13C006E4BE6 /* Release */,
			);
			defaultConfigurationIsVisible = 0;
			defaultConfigurationName = Release;
		};
		F216D4A5299AB13C006E4BE6 /* Build configuration list for PBXNativeTarget "ChatGPTDemo" */ = {
			isa = XCConfigurationList;
			buildConfigurations = (
				F216D4A6299AB13C006E4BE6 /* Debug */,
				F216D4A7299AB13C006E4BE6 /* Release */,
			);
			defaultConfigurationIsVisible = 0;
			defaultConfigurationName = Release;
		};
		F216D4A8299AB13C006E4BE6 /* Build configuration list for PBXNativeTarget "ChatGPTDemoTests" */ = {
			isa = XCConfigurationList;
			buildConfigurations = (
				F216D4A9299AB13C006E4BE6 /* Debug */,
				F216D4AA299AB13C006E4BE6 /* Release */,
			);
			defaultConfigurationIsVisible = 0;
			defaultConfigurationName = Release;
		};
		F216D4AB299AB13C006E4BE6 /* Build configuration list for PBXNativeTarget "ChatGPTDemoUITests" */ = {
			isa = XCConfigurationList;
			buildConfigurations = (
				F216D4AC299AB13C006E4BE6 /* Debug */,
				F216D4AD299AB13C006E4BE6 /* Release */,
			);
			defaultConfigurationIsVisible = 0;
			defaultConfigurationName = Release;
		};
/* End XCConfigurationList section */

/* Begin XCRemoteSwiftPackageReference section */
		F216D4AE299AB482006E4BE6 /* XCRemoteSwiftPackageReference "OpenAISwift" */ = {
			isa = XCRemoteSwiftPackageReference;
			repositoryURL = "https://github.com/adamrushy/OpenAISwift";
			requirement = {
				kind = upToNextMajorVersion;
				minimumVersion = 1.0.0;
			};
		};
/* End XCRemoteSwiftPackageReference section */

/* Begin XCSwiftPackageProductDependency section */
		F216D4AF299AB482006E4BE6 /* OpenAISwift */ = {
			isa = XCSwiftPackageProductDependency;
			package = F216D4AE299AB482006E4BE6 /* XCRemoteSwiftPackageReference "OpenAISwift" */;
			productName = OpenAISwift;
		};
/* End XCSwiftPackageProductDependency section */
	};
	rootObject = F216D479299AB13B006E4BE6 /* Project object */;
}
